
Microsoft Visual Studio Solution File, Format Version 12.00
Project("{FAE04EC0-301F-11D3-BF4B-00C04F79EFBC}") = "SexxyDiscordBot", "SexxyDiscordBot.csproj", "{9B54D802-C0C0-4293-A001-FFF9E1AD0381}"
EndProject
Global
	GlobalSection(SolutionConfigurationPlatforms) = preSolution
		Debug|Any CPU = Debug|Any CPU
		Release|Any CPU = Release|Any CPU
	EndGlobalSection
	GlobalSection(ProjectConfigurationPlatforms) = postSolution
		{9B54D802-C0C0-4293-A001-FFF9E1AD0381}.Debug|Any CPU.ActiveCfg = Debug|Any CPU
		{9B54D802-C0C0-4293-A001-FFF9E1AD0381}.Debug|Any CPU.Build.0 = Debug|Any CPU
		{9B54D802-C0C0-4293-A001-FFF9E1AD0381}.Release|Any CPU.ActiveCfg = Release|Any CPU
		{9B54D802-C0C0-4293-A001-FFF9E1AD0381}.Release|Any CPU.Build.0 = Release|Any CPU
	EndGlobalSection
EndGlobal
